# THIS IS AN AUTOGENERATED FILE. DO NOT EDIT THIS FILE DIRECTLY.
# yarn lockfile v1


note-app-elements@polymerlabs/note-app-elements:
  version "0.0.0"
  resolved "https://codeload.github.com/polymerlabs/note-app-elements/tar.gz/3f4092b1565525d8cb878bd49ea671b12c3608ec"

polymerfire@firebase/polymerfire:
  version "0.0.0"
  resolved "https://codeload.github.com/firebase/polymerfire/tar.gz/7e8870a465d77495aa2c142dda46ba8bd340f61e"
